
Microsoft Visual Studio Solution File, Format Version 12.00
# Visual Studio Version 17
VisualStudioVersion = 17.11.35222.181
MinimumVisualStudioVersion = 10.0.40219.1
Project("{FAE04EC0-301F-11D3-BF4B-00C04F79EFBC}") = "NewAbilityScoreCalculator", "NewAbilityScoreCalculator\NewAbilityScoreCalculator.csproj", "{C0CED33D-A605-4070-B389-6DCB2921422F}"
EndProject
Global
	GlobalSection(SolutionConfigurationPlatforms) = preSolution
		Debug|Any CPU = Debug|Any CPU
		Release|Any CPU = Release|Any CPU
	EndGlobalSection
	GlobalSection(ProjectConfigurationPlatforms) = postSolution
		{C0CED33D-A605-4070-B389-6DCB2921422F}.Debug|Any CPU.ActiveCfg = Debug|Any CPU
		{C0CED33D-A605-4070-B389-6DCB2921422F}.Debug|Any CPU.Build.0 = Debug|Any CPU
		{C0CED33D-A605-4070-B389-6DCB2921422F}.Release|Any CPU.ActiveCfg = Release|Any CPU
		{C0CED33D-A605-4070-B389-6DCB2921422F}.Release|Any CPU.Build.0 = Release|Any CPU
	EndGlobalSection
	GlobalSection(SolutionProperties) = preSolution
		HideSolutionNode = FALSE
	EndGlobalSection
	GlobalSection(ExtensibilityGlobals) = postSolution
		SolutionGuid = {7813EB3C-8693-4CF6-8BAC-B6DF66E56C24}
	EndGlobalSection
EndGlobal
